
Microsoft Visual Studio Solution File, Format Version 12.00
# Visual Studio Version 17
VisualStudioVersion = 17.3.32825.248
MinimumVisualStudioVersion = 10.0.40219.1
Project("{FAE04EC0-301F-11D3-BF4B-00C04F79EFBC}") = "TechOS", "TechOS\TechOS.csproj", "{335D131E-9072-4D6C-9C3A-A227D55D310D}"
EndProject
Global
	GlobalSection(SolutionConfigurationPlatforms) = preSolution
		Debug|Any CPU = Debug|Any CPU
		Release|Any CPU = Release|Any CPU
	EndGlobalSection
	GlobalSection(ProjectConfigurationPlatforms) = postSolution
		{335D131E-9072-4D6C-9C3A-A227D55D310D}.Debug|Any CPU.ActiveCfg = Debug|Any CPU
		{335D131E-9072-4D6C-9C3A-A227D55D310D}.Debug|Any CPU.Build.0 = Debug|Any CPU
		{335D131E-9072-4D6C-9C3A-A227D55D310D}.Release|Any CPU.ActiveCfg = Release|Any CPU
		{335D131E-9072-4D6C-9C3A-A227D55D310D}.Release|Any CPU.Build.0 = Release|Any CPU
	EndGlobalSection
	GlobalSection(SolutionProperties) = preSolution
		HideSolutionNode = FALSE
	EndGlobalSection
	GlobalSection(ExtensibilityGlobals) = postSolution
		SolutionGuid = {BA41AE7A-0A06-44A8-9BB2-67B0C8886090}
	EndGlobalSection
EndGlobal
